
Microsoft Visual Studio Solution File, Format Version 12.00
# Visual Studio 14
VisualStudioVersion = 14.0.24720.0
MinimumVisualStudioVersion = 10.0.40219.1
Project("{FAE04EC0-301F-11D3-BF4B-00C04F79EFBC}") = "OwlishFileSystem", "OwlishFileSystem\OwlishFileSystem.csproj", "{DFA47BED-7B4F-40B2-9B58-728D9C1D0B26}"
EndProject
Project("{FAE04EC0-301F-11D3-BF4B-00C04F79EFBC}") = "OwlishFileSystem.SystemIO", "OwlishFileSystem.SystemIO\OwlishFileSystem.SystemIO.csproj", "{1E6D9A15-6DC2-4065-BC39-48E24C037959}"
EndProject
Project("{FAE04EC0-301F-11D3-BF4B-00C04F79EFBC}") = "OwlishFileSystem.Rx", "OwlishFileSystem.Rx\OwlishFileSystem.Rx.csproj", "{5EBB3C8F-3210-4C51-BAE7-3B427ECA86DB}"
EndProject
Project("{2150E333-8FDC-42A3-9474-1A3956D46DE8}") = "Snippets", "Snippets", "{0F35F9A2-BBF6-477E-9D96-E50021E51702}"
	ProjectSection(SolutionItems) = preProject
		OwlishSnippets.snippet = OwlishSnippets.snippet
	EndProjectSection
EndProject
Global
	GlobalSection(SolutionConfigurationPlatforms) = preSolution
		Debug|Any CPU = Debug|Any CPU
		Release|Any CPU = Release|Any CPU
	EndGlobalSection
	GlobalSection(ProjectConfigurationPlatforms) = postSolution
		{DFA47BED-7B4F-40B2-9B58-728D9C1D0B26}.Debug|Any CPU.ActiveCfg = Debug|Any CPU
		{DFA47BED-7B4F-40B2-9B58-728D9C1D0B26}.Debug|Any CPU.Build.0 = Debug|Any CPU
		{DFA47BED-7B4F-40B2-9B58-728D9C1D0B26}.Release|Any CPU.ActiveCfg = Release|Any CPU
		{DFA47BED-7B4F-40B2-9B58-728D9C1D0B26}.Release|Any CPU.Build.0 = Release|Any CPU
		{1E6D9A15-6DC2-4065-BC39-48E24C037959}.Debug|Any CPU.ActiveCfg = Debug|Any CPU
		{1E6D9A15-6DC2-4065-BC39-48E24C037959}.Debug|Any CPU.Build.0 = Debug|Any CPU
		{1E6D9A15-6DC2-4065-BC39-48E24C037959}.Release|Any CPU.ActiveCfg = Release|Any CPU
		{1E6D9A15-6DC2-4065-BC39-48E24C037959}.Release|Any CPU.Build.0 = Release|Any CPU
		{5EBB3C8F-3210-4C51-BAE7-3B427ECA86DB}.Debug|Any CPU.ActiveCfg = Debug|Any CPU
		{5EBB3C8F-3210-4C51-BAE7-3B427ECA86DB}.Debug|Any CPU.Build.0 = Debug|Any CPU
		{5EBB3C8F-3210-4C51-BAE7-3B427ECA86DB}.Release|Any CPU.ActiveCfg = Release|Any CPU
		{5EBB3C8F-3210-4C51-BAE7-3B427ECA86DB}.Release|Any CPU.Build.0 = Release|Any CPU
	EndGlobalSection
	GlobalSection(SolutionProperties) = preSolution
		HideSolutionNode = FALSE
	EndGlobalSection
EndGlobal
